{
  "version": 1,
  "package": [
    {
      "name": "AhkExtensions",
      "source": "git+git@github.com:holy-tao/AhkExtensions.git",
      "resolved": "b46a9b40b9e3587e85304f27af80b1eeb641cee6",
      "checksum": "sha256:ed5748bc24be15e72871ed07a6c6e25d401ab4e583682ebb54eaf6649072410f"
    },
    {
      "name": "ahk-utils",
      "source": "git+git@github.com:holy-tao/ahk-utils.git",
      "resolved": "638defa3393dccd1ae7a42a01e1f1e343bba5a4c",
      "checksum": "sha256:43eae8cdf57dc7f4bc5f4a4171f6eeed4a47955a078e1cecb7ca09a0d9061e6d"
    },
    {
      "name": "ahkcollections",
      "source": "git+git@github.com:holy-tao/ahkcollections.git",
      "resolved": "452c15d50a734370c3d94002f34ca2ff43ce41a5",
      "checksum": "sha256:88adf867d26fbe60b79057652b24881bc7198f091ff4390f4177d88f433dfda8"
    },
    {
      "name": "cJson",
      "source": "git+git@github.com:G33kDude/cJson.ahk.git?rev=ea5313ce0e5e79aadcb367e7167c1da991717de3",
      "resolved": "ea5313ce0e5e79aadcb367e7167c1da991717de3",
      "checksum": "sha256:b48e5186be920adf77d169870637610932cc1f0a702b9ec63834b8a40c10f020"
    },
    {
      "name": "tree-sitter.ahk",
      "source": "git+git@github.com:holy-tao/tree-sitter.ahk.git?branch=feat/v2.1-support",
      "resolved": "00bbedf885772592b0b8d3bd6e9c414754317d80",
      "checksum": "sha256:9bd631f9d075c05e3f693d9059acf29e63c320c4fd5ab2009a27dd8662e35834"
    }
  ]
}
